
Microsoft Visual Studio Solution File, Format Version 12.00
# Visual Studio Version 17
VisualStudioVersion = 17.3.32901.215
MinimumVisualStudioVersion = 10.0.40219.1
Project("{9A19103F-16F7-4668-BE54-9A1E7A4F7556}") = "Stage0", "Stage0\Stage0.csproj", "{0E1DE19D-DA52-41A0-81FE-33CD2430A22E}"
EndProject
Project("{9A19103F-16F7-4668-BE54-9A1E7A4F7556}") = "DalFacade", "DalFacade\DalFacade.csproj", "{507FE372-C6A4-4C5E-BE22-52AA88B8DB4E}"
EndProject
Project("{9A19103F-16F7-4668-BE54-9A1E7A4F7556}") = "DalList", "DalList\DalList.csproj", "{CC4B70C5-550F-40EA-A463-9FA23AEC9DC7}"
EndProject
Project("{9A19103F-16F7-4668-BE54-9A1E7A4F7556}") = "DalTest", "DalTest\DalTest.csproj", "{DEB9CB21-8E5E-4DCF-BBDB-F37ABE82F3D5}"
EndProject
Project("{2150E333-8FDC-42A3-9474-1A3956D46DE8}") = "Solution Items", "Solution Items", "{B6FF478F-4411-4AC0-8D75-79CA936063A2}"
	ProjectSection(SolutionItems) = preProject
		TextFile1.txt = TextFile1.txt
	EndProjectSection
EndProject
Project("{FAE04EC0-301F-11D3-BF4B-00C04F79EFBC}") = "BL", "BL\BL.csproj", "{87032EB6-F870-40AE-A8D7-1436698000ED}"
EndProject
Project("{FAE04EC0-301F-11D3-BF4B-00C04F79EFBC}") = "BlTest", "BlTest\BlTest.csproj", "{9ADE2C25-3855-49B9-9844-DA8B691DF05B}"
EndProject
Global
	GlobalSection(SolutionConfigurationPlatforms) = preSolution
		Debug|Any CPU = Debug|Any CPU
		Release|Any CPU = Release|Any CPU
	EndGlobalSection
	GlobalSection(ProjectConfigurationPlatforms) = postSolution
		{0E1DE19D-DA52-41A0-81FE-33CD2430A22E}.Debug|Any CPU.ActiveCfg = Debug|Any CPU
		{0E1DE19D-DA52-41A0-81FE-33CD2430A22E}.Debug|Any CPU.Build.0 = Debug|Any CPU
		{0E1DE19D-DA52-41A0-81FE-33CD2430A22E}.Release|Any CPU.ActiveCfg = Release|Any CPU
		{0E1DE19D-DA52-41A0-81FE-33CD2430A22E}.Release|Any CPU.Build.0 = Release|Any CPU
		{507FE372-C6A4-4C5E-BE22-52AA88B8DB4E}.Debug|Any CPU.ActiveCfg = Debug|Any CPU
		{507FE372-C6A4-4C5E-BE22-52AA88B8DB4E}.Debug|Any CPU.Build.0 = Debug|Any CPU
		{507FE372-C6A4-4C5E-BE22-52AA88B8DB4E}.Release|Any CPU.ActiveCfg = Release|Any CPU
		{507FE372-C6A4-4C5E-BE22-52AA88B8DB4E}.Release|Any CPU.Build.0 = Release|Any CPU
		{CC4B70C5-550F-40EA-A463-9FA23AEC9DC7}.Debug|Any CPU.ActiveCfg = Debug|Any CPU
		{CC4B70C5-550F-40EA-A463-9FA23AEC9DC7}.Debug|Any CPU.Build.0 = Debug|Any CPU
		{CC4B70C5-550F-40EA-A463-9FA23AEC9DC7}.Release|Any CPU.ActiveCfg = Release|Any CPU
		{CC4B70C5-550F-40EA-A463-9FA23AEC9DC7}.Release|Any CPU.Build.0 = Release|Any CPU
		{DEB9CB21-8E5E-4DCF-BBDB-F37ABE82F3D5}.Debug|Any CPU.ActiveCfg = Debug|Any CPU
		{DEB9CB21-8E5E-4DCF-BBDB-F37ABE82F3D5}.Debug|Any CPU.Build.0 = Debug|Any CPU
		{DEB9CB21-8E5E-4DCF-BBDB-F37ABE82F3D5}.Release|Any CPU.ActiveCfg = Release|Any CPU
		{DEB9CB21-8E5E-4DCF-BBDB-F37ABE82F3D5}.Release|Any CPU.Build.0 = Release|Any CPU
		{87032EB6-F870-40AE-A8D7-1436698000ED}.Debug|Any CPU.ActiveCfg = Debug|Any CPU
		{87032EB6-F870-40AE-A8D7-1436698000ED}.Debug|Any CPU.Build.0 = Debug|Any CPU
		{87032EB6-F870-40AE-A8D7-1436698000ED}.Release|Any CPU.ActiveCfg = Release|Any CPU
		{87032EB6-F870-40AE-A8D7-1436698000ED}.Release|Any CPU.Build.0 = Release|Any CPU
		{9ADE2C25-3855-49B9-9844-DA8B691DF05B}.Debug|Any CPU.ActiveCfg = Debug|Any CPU
		{9ADE2C25-3855-49B9-9844-DA8B691DF05B}.Debug|Any CPU.Build.0 = Debug|Any CPU
		{9ADE2C25-3855-49B9-9844-DA8B691DF05B}.Release|Any CPU.ActiveCfg = Release|Any CPU
		{9ADE2C25-3855-49B9-9844-DA8B691DF05B}.Release|Any CPU.Build.0 = Release|Any CPU
	EndGlobalSection
	GlobalSection(SolutionProperties) = preSolution
		HideSolutionNode = FALSE
	EndGlobalSection
	GlobalSection(ExtensibilityGlobals) = postSolution
		SolutionGuid = {B7766891-B5B1-4790-B9D0-58F69EAA048C}
	EndGlobalSection
EndGlobal
